# This file is automatically @generated by Cargo.
# It is not intended for manual editing.
version = 3

[[package]]
name = "cutils"
version = "0.1.0"
source = "git+https://github.com/asakhar/cutils.git#22e4a7058df7a0a50542dc65c03f542b2de1703f"
dependencies = [
 "cutils-macro",
 "get-last-error",
 "widestring",
 "winapi",
]

[[package]]
name = "cutils-macro"
version = "0.1.0"
source = "git+https://github.com/asakhar/cutils-macro.git#58b757a4872fc48294ab447b357335207ebbc302"
dependencies = [
 "proc-macro2",
 "quote",
 "syn",
]

[[package]]
name = "get-last-error"
version = "0.1.1"
source = "registry+https://github.com/rust-lang/crates.io-index"
checksum = "ce85cdf2afb6a63ee6eb6ae445afb5772b1e47b009e1433750bd5d33bd30bb2c"
dependencies = [
 "winapi",
]

[[package]]
name = "proc-macro2"
version = "1.0.66"
source = "registry+https://github.com/rust-lang/crates.io-index"
checksum = "18fb31db3f9bddb2ea821cde30a9f70117e3f119938b5ee630b7403aa6e2ead9"
dependencies = [
 "unicode-ident",
]

[[package]]
name = "quote"
version = "1.0.31"
source = "registry+https://github.com/rust-lang/crates.io-index"
checksum = "5fe8a65d69dd0808184ebb5f836ab526bb259db23c657efa38711b1072ee47f0"
dependencies = [
 "proc-macro2",
]

[[package]]
name = "setupapihost"
version = "0.1.0"
dependencies = [
 "cutils",
 "winapi",
]

[[package]]
name = "syn"
version = "2.0.26"
source = "registry+https://github.com/rust-lang/crates.io-index"
checksum = "45c3457aacde3c65315de5031ec191ce46604304d2446e803d71ade03308d970"
dependencies = [
 "proc-macro2",
 "quote",
 "unicode-ident",
]

[[package]]
name = "unicode-ident"
version = "1.0.11"
source = "registry+https://github.com/rust-lang/crates.io-index"
checksum = "301abaae475aa91687eb82514b328ab47a211a533026cb25fc3e519b86adfc3c"

[[package]]
name = "widestring"
version = "1.0.2"
source = "registry+https://github.com/rust-lang/crates.io-index"
checksum = "653f141f39ec16bba3c5abe400a0c60da7468261cc2cbf36805022876bc721a8"

[[package]]
name = "winapi"
version = "0.3.9"
source = "registry+https://github.com/rust-lang/crates.io-index"
checksum = "5c839a674fcd7a98952e593242ea400abe93992746761e38641405d28b00f419"
dependencies = [
 "winapi-i686-pc-windows-gnu",
 "winapi-x86_64-pc-windows-gnu",
]

[[package]]
name = "winapi-i686-pc-windows-gnu"
version = "0.4.0"
source = "registry+https://github.com/rust-lang/crates.io-index"
checksum = "ac3b87c63620426dd9b991e5ce0329eff545bccbbb34f3be09ff6fb6ab51b7b6"

[[package]]
name = "winapi-x86_64-pc-windows-gnu"
version = "0.4.0"
source = "registry+https://github.com/rust-lang/crates.io-index"
checksum = "712e227841d057c1ee1cd2fb22fa7e5a5461ae8e48fa2ca79ec42cfc1931183f"
